
Microsoft Visual Studio Solution File, Format Version 12.00
# Visual Studio Version 16
VisualStudioVersion = 16.0.30114.105
MinimumVisualStudioVersion = 10.0.40219.1
Project("{FAE04EC0-301F-11D3-BF4B-00C04F79EFBC}") = "OneRMConsole", "OneRMConsole\OneRMConsole.csproj", "{3EC49C2B-E7D5-48F5-BF3F-882C20712E67}"
EndProject
Project("{FAE04EC0-301F-11D3-BF4B-00C04F79EFBC}") = "OneRM_lib", "OneRM_lib\OneRM_lib.csproj", "{080EB9E5-4EA5-4AEE-B943-2C0344A369DC}"
EndProject
Global
	GlobalSection(SolutionConfigurationPlatforms) = preSolution
		Debug|Any CPU = Debug|Any CPU
		Release|Any CPU = Release|Any CPU
	EndGlobalSection
	GlobalSection(ProjectConfigurationPlatforms) = postSolution
		{3EC49C2B-E7D5-48F5-BF3F-882C20712E67}.Debug|Any CPU.ActiveCfg = Debug|Any CPU
		{3EC49C2B-E7D5-48F5-BF3F-882C20712E67}.Debug|Any CPU.Build.0 = Debug|Any CPU
		{3EC49C2B-E7D5-48F5-BF3F-882C20712E67}.Release|Any CPU.ActiveCfg = Release|Any CPU
		{3EC49C2B-E7D5-48F5-BF3F-882C20712E67}.Release|Any CPU.Build.0 = Release|Any CPU
		{080EB9E5-4EA5-4AEE-B943-2C0344A369DC}.Debug|Any CPU.ActiveCfg = Debug|Any CPU
		{080EB9E5-4EA5-4AEE-B943-2C0344A369DC}.Debug|Any CPU.Build.0 = Debug|Any CPU
		{080EB9E5-4EA5-4AEE-B943-2C0344A369DC}.Release|Any CPU.ActiveCfg = Release|Any CPU
		{080EB9E5-4EA5-4AEE-B943-2C0344A369DC}.Release|Any CPU.Build.0 = Release|Any CPU
	EndGlobalSection
	GlobalSection(SolutionProperties) = preSolution
		HideSolutionNode = FALSE
	EndGlobalSection
	GlobalSection(ExtensibilityGlobals) = postSolution
		SolutionGuid = {AECC7D4C-22DE-4B85-9DF8-6B5D189325BD}
	EndGlobalSection
EndGlobal
